{
  "name": "4af256099f182f421c027623d3d2155e9a2dc0fbd3ce4a098dad86f5cddd4419",
  "version": "1.0.0",
  "lockfileVersion": 2,
  "requires": true,
  "packages": {
    "": {
      "name": "4af256099f182f421c027623d3d2155e9a2dc0fbd3ce4a098dad86f5cddd4419",
      "version": "1.0.0",
      "dependencies": {
        "luucy-types": "^3.1.0"
      }
    },
    "node_modules/luucy-types": {
      "version": "3.1.0",
      "resolved": "https://registry.npmjs.org/luucy-types/-/luucy-types-3.1.0.tgz",
      "integrity": "sha512-up9ipJ1BWwKvgXvoFKupCsEDTphS4pyevQykfzxUt66ecJQXQrgSd8+y5pf5qHwp349ONCdGg/IyUKKeTNzwOQ=="
    }
  },
  "dependencies": {
    "luucy-types": {
      "version": "3.1.0",
      "resolved": "https://registry.npmjs.org/luucy-types/-/luucy-types-3.1.0.tgz",
      "integrity": "sha512-up9ipJ1BWwKvgXvoFKupCsEDTphS4pyevQykfzxUt66ecJQXQrgSd8+y5pf5qHwp349ONCdGg/IyUKKeTNzwOQ=="
    }
  }
}
