{
	"name": "heatwatt",
	"version": "1.0.6",
	"lockfileVersion": 3,
	"requires": true,
	"packages": {
		"": {
			"name": "heatwatt",
			"version": "1.0.6",
			"dependencies": {
				"luucy-types": "git+ssh://git@gitlab.com:luucy/sdk/luucy-types.git#next/3.7"
			},
			"devDependencies": {
				"typescript": "^4.6.2"
			}
		},
		"node_modules/luucy-types": {
			"version": "10.24.16",
			"resolved": "git+ssh://git@gitlab.com/luucy/sdk/luucy-types.git#dd3dc00f0ec932609e175562b40a8f8d14b8531d",
			"hasInstallScript": true
		},
		"node_modules/typescript": {
			"version": "4.6.2",
			"resolved": "https://registry.npmjs.org/typescript/-/typescript-4.6.2.tgz",
			"integrity": "sha512-HM/hFigTBHZhLXshn9sN37H085+hQGeJHJ/X7LpBWLID/fbc2acUMfU+lGD98X81sKP+pFa9f0DZmCwB9GnbAg==",
			"dev": true,
			"bin": {
				"tsc": "bin/tsc",
				"tsserver": "bin/tsserver"
			},
			"engines": {
				"node": ">=4.2.0"
			}
		}
	}
}
